
Microsoft Visual Studio Solution File, Format Version 12.00
# Visual Studio Version 17
VisualStudioVersion = 17.0.31903.59
MinimumVisualStudioVersion = 10.0.40219.1
Project("{FAE04EC0-301F-11D3-BF4B-00C04F79EFBC}") = "BestSellerBooks.Contract", "BestSellerBooks.Contract\BestSellerBooks.Contract.csproj", "{FF5E6410-9181-4766-A6E0-0BA2C7662A1C}"
EndProject
Project("{FAE04EC0-301F-11D3-BF4B-00C04F79EFBC}") = "BestSellerBooks", "BestSellerBooks\BestSellerBooks.csproj", "{326BFA5C-5655-496B-9E95-E069753019C9}"
EndProject
Global
	GlobalSection(SolutionConfigurationPlatforms) = preSolution
		Debug|Any CPU = Debug|Any CPU
		Release|Any CPU = Release|Any CPU
	EndGlobalSection
	GlobalSection(SolutionProperties) = preSolution
		HideSolutionNode = FALSE
	EndGlobalSection
	GlobalSection(ProjectConfigurationPlatforms) = postSolution
		{FF5E6410-9181-4766-A6E0-0BA2C7662A1C}.Debug|Any CPU.ActiveCfg = Debug|Any CPU
		{FF5E6410-9181-4766-A6E0-0BA2C7662A1C}.Debug|Any CPU.Build.0 = Debug|Any CPU
		{FF5E6410-9181-4766-A6E0-0BA2C7662A1C}.Release|Any CPU.ActiveCfg = Release|Any CPU
		{FF5E6410-9181-4766-A6E0-0BA2C7662A1C}.Release|Any CPU.Build.0 = Release|Any CPU
		{326BFA5C-5655-496B-9E95-E069753019C9}.Debug|Any CPU.ActiveCfg = Debug|Any CPU
		{326BFA5C-5655-496B-9E95-E069753019C9}.Debug|Any CPU.Build.0 = Debug|Any CPU
		{326BFA5C-5655-496B-9E95-E069753019C9}.Release|Any CPU.ActiveCfg = Release|Any CPU
		{326BFA5C-5655-496B-9E95-E069753019C9}.Release|Any CPU.Build.0 = Release|Any CPU
	EndGlobalSection
EndGlobal
